
Microsoft Visual Studio Solution File, Format Version 12.00
# Visual Studio Version 17
VisualStudioVersion = 17.14.36414.22 d17.14
MinimumVisualStudioVersion = 10.0.40219.1
Project("{FAE04EC0-301F-11D3-BF4B-00C04F79EFBC}") = "placlab2", "placlab2\placlab2.csproj", "{258F6C56-EE4F-4A52-B325-AF40985B0756}"
EndProject
Global
	GlobalSection(SolutionConfigurationPlatforms) = preSolution
		Debug|Any CPU = Debug|Any CPU
		Release|Any CPU = Release|Any CPU
	EndGlobalSection
	GlobalSection(ProjectConfigurationPlatforms) = postSolution
		{258F6C56-EE4F-4A52-B325-AF40985B0756}.Debug|Any CPU.ActiveCfg = Debug|Any CPU
		{258F6C56-EE4F-4A52-B325-AF40985B0756}.Debug|Any CPU.Build.0 = Debug|Any CPU
		{258F6C56-EE4F-4A52-B325-AF40985B0756}.Release|Any CPU.ActiveCfg = Release|Any CPU
		{258F6C56-EE4F-4A52-B325-AF40985B0756}.Release|Any CPU.Build.0 = Release|Any CPU
	EndGlobalSection
	GlobalSection(SolutionProperties) = preSolution
		HideSolutionNode = FALSE
	EndGlobalSection
	GlobalSection(ExtensibilityGlobals) = postSolution
		SolutionGuid = {CB553DDE-52EF-468A-A5DB-ECB57FDDA9DF}
	EndGlobalSection
EndGlobal
