
Microsoft Visual Studio Solution File, Format Version 12.00
# Visual Studio Version 17
VisualStudioVersion = 17.14.36414.22 d17.14
MinimumVisualStudioVersion = 10.0.40219.1
Project("{FAE04EC0-301F-11D3-BF4B-00C04F79EFBC}") = "2lab", "2lab\2lab.csproj", "{65BB28E9-4E9B-4D3D-BCF8-DEDFB9E09EA7}"
EndProject
Global
	GlobalSection(SolutionConfigurationPlatforms) = preSolution
		Debug|Any CPU = Debug|Any CPU
		Release|Any CPU = Release|Any CPU
	EndGlobalSection
	GlobalSection(ProjectConfigurationPlatforms) = postSolution
		{65BB28E9-4E9B-4D3D-BCF8-DEDFB9E09EA7}.Debug|Any CPU.ActiveCfg = Debug|Any CPU
		{65BB28E9-4E9B-4D3D-BCF8-DEDFB9E09EA7}.Debug|Any CPU.Build.0 = Debug|Any CPU
		{65BB28E9-4E9B-4D3D-BCF8-DEDFB9E09EA7}.Release|Any CPU.ActiveCfg = Release|Any CPU
		{65BB28E9-4E9B-4D3D-BCF8-DEDFB9E09EA7}.Release|Any CPU.Build.0 = Release|Any CPU
	EndGlobalSection
	GlobalSection(SolutionProperties) = preSolution
		HideSolutionNode = FALSE
	EndGlobalSection
	GlobalSection(ExtensibilityGlobals) = postSolution
		SolutionGuid = {AF2A2940-07DC-4D12-BCFF-02261A0BED42}
	EndGlobalSection
EndGlobal
